
Microsoft Visual Studio Solution File, Format Version 12.00
# Visual Studio Version 17
VisualStudioVersion = 17.0.31903.59
MinimumVisualStudioVersion = 10.0.40219.1
Project("{FAE04EC0-301F-11D3-BF4B-00C04F79EFBC}") = "GQL.Demo", "GQL.Demo\GQL.Demo.csproj", "{F67075E8-381B-4B6B-AFBB-AA3EC4B1D29F}"
EndProject
Global
	GlobalSection(SolutionConfigurationPlatforms) = preSolution
		Debug|Any CPU = Debug|Any CPU
		Release|Any CPU = Release|Any CPU
	EndGlobalSection
	GlobalSection(ProjectConfigurationPlatforms) = postSolution
		{F67075E8-381B-4B6B-AFBB-AA3EC4B1D29F}.Debug|Any CPU.ActiveCfg = Debug|Any CPU
		{F67075E8-381B-4B6B-AFBB-AA3EC4B1D29F}.Debug|Any CPU.Build.0 = Debug|Any CPU
		{F67075E8-381B-4B6B-AFBB-AA3EC4B1D29F}.Release|Any CPU.ActiveCfg = Release|Any CPU
		{F67075E8-381B-4B6B-AFBB-AA3EC4B1D29F}.Release|Any CPU.Build.0 = Release|Any CPU
	EndGlobalSection
	GlobalSection(SolutionProperties) = preSolution
		HideSolutionNode = FALSE
	EndGlobalSection
	GlobalSection(ExtensibilityGlobals) = postSolution
		SolutionGuid = {1A43E0C5-FFCA-400C-A3BF-3A76F283ABD6}
	EndGlobalSection
EndGlobal
